
Microsoft Visual Studio Solution File, Format Version 12.00
# Visual Studio Version 17
VisualStudioVersion = 17.14.37012.4 d17.14
MinimumVisualStudioVersion = 10.0.40219.1
Project("{FAE04EC0-301F-11D3-BF4B-00C04F79EFBC}") = "SampleWpfApp", "SampleWpfApp.csproj", "{6FFE60F1-6FA4-FBB2-FE43-C0CFC0142F78}"
EndProject
Global
	GlobalSection(SolutionConfigurationPlatforms) = preSolution
		Debug|Any CPU = Debug|Any CPU
		Release|Any CPU = Release|Any CPU
	EndGlobalSection
	GlobalSection(ProjectConfigurationPlatforms) = postSolution
		{6FFE60F1-6FA4-FBB2-FE43-C0CFC0142F78}.Debug|Any CPU.ActiveCfg = Debug|Any CPU
		{6FFE60F1-6FA4-FBB2-FE43-C0CFC0142F78}.Debug|Any CPU.Build.0 = Debug|Any CPU
		{6FFE60F1-6FA4-FBB2-FE43-C0CFC0142F78}.Release|Any CPU.ActiveCfg = Release|Any CPU
		{6FFE60F1-6FA4-FBB2-FE43-C0CFC0142F78}.Release|Any CPU.Build.0 = Release|Any CPU
	EndGlobalSection
	GlobalSection(SolutionProperties) = preSolution
		HideSolutionNode = FALSE
	EndGlobalSection
	GlobalSection(ExtensibilityGlobals) = postSolution
		SolutionGuid = {5BD36108-17D0-4770-91E7-E3E83BB3FBFC}
	EndGlobalSection
EndGlobal
